// !$*UTF8*$!
{
	archiveVersion = 1;
	classes = {
	};
	objectVersion = 77;
	objects = {

/* Begin PBXBuildFile section */
		DA4B74182DC6BE59008C4F20 /* GLTFKit2.framework in Frameworks */ = {isa = PBXBuildFile; fileRef = DA4B74162DC6BE3A008C4F20 /* GLTFKit2.framework */; settings = {ATTRIBUTES = (Required, ); }; };
		DA4B74192DC6BE59008C4F20 /* GLTFKit2.framework in Embed Frameworks */ = {isa = PBXBuildFile; fileRef = DA4B74162DC6BE3A008C4F20 /* GLTFKit2.framework */; settings = {ATTRIBUTES = (CodeSignOnCopy, RemoveHeadersOnCopy, ); }; };
		DAD68EC62D877E8A00D36881 /* Yams in Frameworks */ = {isa = PBXBuildFile; productRef = DAD68EC52D877E8A00D36881 /* Yams */; settings = {ATTRIBUTES = (Required, ); }; };
		DAF6D41A2DC6CA4200736862 /* GLTFKit2.framework in CopyFiles */ = {isa = PBXBuildFile; fileRef = DAF6D4182DC6C33E00736862 /* GLTFKit2.framework */; settings = {ATTRIBUTES = (CodeSignOnCopy, RemoveHeadersOnCopy, ); }; };
/* End PBXBuildFile section */

/* Begin PBXContainerItemProxy section */
		DAAED25A2D8136C90038C342 /* PBXContainerItemProxy */ = {
			isa = PBXContainerItemProxy;
			containerPortal = DAAED2402D8136C70038C342 /* Project object */;
			proxyType = 1;
			remoteGlobalIDString = DAAED2472D8136C70038C342;
			remoteInfo = SwiftMetalRenderer;
		};
		DAAED2642D8136C90038C342 /* PBXContainerItemProxy */ = {
			isa = PBXContainerItemProxy;
			containerPortal = DAAED2402D8136C70038C342 /* Project object */;
			proxyType = 1;
			remoteGlobalIDString = DAAED2472D8136C70038C342;
			remoteInfo = SwiftMetalRenderer;
		};
		DAF6D4172DC6C33E00736862 /* PBXContainerItemProxy */ = {
			isa = PBXContainerItemProxy;
			containerPortal = DA4B74062DC6BD89008C4F20 /* GLTFKit2.xcodeproj */;
			proxyType = 2;
			remoteGlobalIDString = 834FF1C425C27938001887C2;
			remoteInfo = GLTFKit2;
		};
/* End PBXContainerItemProxy section */

/* Begin PBXCopyFilesBuildPhase section */
		DA4B741A2DC6BE59008C4F20 /* Embed Frameworks */ = {
			isa = PBXCopyFilesBuildPhase;
			buildActionMask = 8;
			dstPath = "";
			dstSubfolderSpec = 10;
			files = (
				DA4B74192DC6BE59008C4F20 /* GLTFKit2.framework in Embed Frameworks */,
			);
			name = "Embed Frameworks";
			runOnlyForDeploymentPostprocessing = 1;
		};
		DAF6D4192DC6CA3700736862 /* CopyFiles */ = {
			isa = PBXCopyFilesBuildPhase;
			buildActionMask = 12;
			dstPath = "";
			dstSubfolderSpec = 10;
			files = (
				DAF6D41A2DC6CA4200736862 /* GLTFKit2.framework in CopyFiles */,
			);
			runOnlyForDeploymentPostprocessing = 0;
		};
/* End PBXCopyFilesBuildPhase section */

/* Begin PBXFileReference section */
		DA4B74062DC6BD89008C4F20 /* GLTFKit2.xcodeproj */ = {isa = PBXFileReference; lastKnownFileType = "wrapper.pb-project"; name = GLTFKit2.xcodeproj; path = ThirdParty/GltfKit2/GLTFKit2/GLTFKit2.xcodeproj; sourceTree = "<group>"; };
		DA4B74162DC6BE3A008C4F20 /* GLTFKit2.framework */ = {isa = PBXFileReference; explicitFileType = wrapper.framework; path = GLTFKit2.framework; sourceTree = BUILT_PRODUCTS_DIR; };
		DAAED2482D8136C70038C342 /* SwiftMetalRenderer.app */ = {isa = PBXFileReference; explicitFileType = wrapper.application; includeInIndex = 0; path = SwiftMetalRenderer.app; sourceTree = BUILT_PRODUCTS_DIR; };
		DAAED2592D8136C90038C342 /* SwiftMetalRendererTests.xctest */ = {isa = PBXFileReference; explicitFileType = wrapper.cfbundle; includeInIndex = 0; path = SwiftMetalRendererTests.xctest; sourceTree = BUILT_PRODUCTS_DIR; };
		DAAED2632D8136C90038C342 /* SwiftMetalRendererUITests.xctest */ = {isa = PBXFileReference; explicitFileType = wrapper.cfbundle; includeInIndex = 0; path = SwiftMetalRendererUITests.xctest; sourceTree = BUILT_PRODUCTS_DIR; };
/* End PBXFileReference section */

/* Begin PBXFileSystemSynchronizedBuildFileExceptionSet section */
		DAF6D41B2DC6D52500736862 /* Exceptions for "SwiftMetalRenderer" folder in "SwiftMetalRenderer" target */ = {
			isa = PBXFileSystemSynchronizedBuildFileExceptionSet;
			membershipExceptions = (
				notes.txt,
				Shaders/PBR.metal,
			);
			target = DAAED2472D8136C70038C342 /* SwiftMetalRenderer */;
		};
/* End PBXFileSystemSynchronizedBuildFileExceptionSet section */

/* Begin PBXFileSystemSynchronizedRootGroup section */
		DAAED24A2D8136C70038C342 /* SwiftMetalRenderer */ = {
			isa = PBXFileSystemSynchronizedRootGroup;
			exceptions = (
				DAF6D41B2DC6D52500736862 /* Exceptions for "SwiftMetalRenderer" folder in "SwiftMetalRenderer" target */,
			);
			explicitFolders = (
				assets,
				scene,
			);
			path = SwiftMetalRenderer;
			sourceTree = "<group>";
		};
		DAAED25C2D8136C90038C342 /* SwiftMetalRendererTests */ = {
			isa = PBXFileSystemSynchronizedRootGroup;
			path = SwiftMetalRendererTests;
			sourceTree = "<group>";
		};
		DAAED2662D8136C90038C342 /* SwiftMetalRendererUITests */ = {
			isa = PBXFileSystemSynchronizedRootGroup;
			path = SwiftMetalRendererUITests;
			sourceTree = "<group>";
		};
/* End PBXFileSystemSynchronizedRootGroup section */

/* Begin PBXFrameworksBuildPhase section */
		DAAED2452D8136C70038C342 /* Frameworks */ = {
			isa = PBXFrameworksBuildPhase;
			buildActionMask = 2147483647;
			files = (
				DAD68EC62D877E8A00D36881 /* Yams in Frameworks */,
				DA4B74182DC6BE59008C4F20 /* GLTFKit2.framework in Frameworks */,
			);
			runOnlyForDeploymentPostprocessing = 0;
		};
		DAAED2562D8136C90038C342 /* Frameworks */ = {
			isa = PBXFrameworksBuildPhase;
			buildActionMask = 2147483647;
			files = (
			);
			runOnlyForDeploymentPostprocessing = 0;
		};
		DAAED2602D8136C90038C342 /* Frameworks */ = {
			isa = PBXFrameworksBuildPhase;
			buildActionMask = 2147483647;
			files = (
			);
			runOnlyForDeploymentPostprocessing = 0;
		};
/* End PBXFrameworksBuildPhase section */

/* Begin PBXGroup section */
		DAAED23F2D8136C70038C342 = {
			isa = PBXGroup;
			children = (
				DA4B74062DC6BD89008C4F20 /* GLTFKit2.xcodeproj */,
				DAAED24A2D8136C70038C342 /* SwiftMetalRenderer */,
				DAAED25C2D8136C90038C342 /* SwiftMetalRendererTests */,
				DAAED2662D8136C90038C342 /* SwiftMetalRendererUITests */,
				DAD68EC42D877E8A00D36881 /* Frameworks */,
				DAAED2492D8136C70038C342 /* Products */,
			);
			sourceTree = "<group>";
		};
		DAAED2492D8136C70038C342 /* Products */ = {
			isa = PBXGroup;
			children = (
				DAAED2482D8136C70038C342 /* SwiftMetalRenderer.app */,
				DAAED2592D8136C90038C342 /* SwiftMetalRendererTests.xctest */,
				DAAED2632D8136C90038C342 /* SwiftMetalRendererUITests.xctest */,
			);
			name = Products;
			sourceTree = "<group>";
		};
		DAD68EC42D877E8A00D36881 /* Frameworks */ = {
			isa = PBXGroup;
			children = (
				DA4B74162DC6BE3A008C4F20 /* GLTFKit2.framework */,
			);
			name = Frameworks;
			sourceTree = "<group>";
		};
		DAF6D4142DC6C33E00736862 /* Products */ = {
			isa = PBXGroup;
			children = (
				DAF6D4182DC6C33E00736862 /* GLTFKit2.framework */,
			);
			name = Products;
			sourceTree = "<group>";
		};
/* End PBXGroup section */

/* Begin PBXNativeTarget section */
		DAAED2472D8136C70038C342 /* SwiftMetalRenderer */ = {
			isa = PBXNativeTarget;
			buildConfigurationList = DAAED26D2D8136C90038C342 /* Build configuration list for PBXNativeTarget "SwiftMetalRenderer" */;
			buildPhases = (
				DAAED2442D8136C70038C342 /* Sources */,
				DAAED2452D8136C70038C342 /* Frameworks */,
				DAAED2462D8136C70038C342 /* Resources */,
				DA4B741A2DC6BE59008C4F20 /* Embed Frameworks */,
				DAF6D4192DC6CA3700736862 /* CopyFiles */,
			);
			buildRules = (
			);
			dependencies = (
			);
			fileSystemSynchronizedGroups = (
				DAAED24A2D8136C70038C342 /* SwiftMetalRenderer */,
			);
			name = SwiftMetalRenderer;
			packageProductDependencies = (
				DAD68EC52D877E8A00D36881 /* Yams */,
			);
			productName = SwiftMetalRenderer;
			productReference = DAAED2482D8136C70038C342 /* SwiftMetalRenderer.app */;
			productType = "com.apple.product-type.application";
		};
		DAAED2582D8136C90038C342 /* SwiftMetalRendererTests */ = {
			isa = PBXNativeTarget;
			buildConfigurationList = DAAED2702D8136C90038C342 /* Build configuration list for PBXNativeTarget "SwiftMetalRendererTests" */;
			buildPhases = (
				DAAED2552D8136C90038C342 /* Sources */,
				DAAED2562D8136C90038C342 /* Frameworks */,
				DAAED2572D8136C90038C342 /* Resources */,
			);
			buildRules = (
			);
			dependencies = (
				DAAED25B2D8136C90038C342 /* PBXTargetDependency */,
			);
			fileSystemSynchronizedGroups = (
				DAAED25C2D8136C90038C342 /* SwiftMetalRendererTests */,
			);
			name = SwiftMetalRendererTests;
			packageProductDependencies = (
			);
			productName = SwiftMetalRendererTests;
			productReference = DAAED2592D8136C90038C342 /* SwiftMetalRendererTests.xctest */;
			productType = "com.apple.product-type.bundle.unit-test";
		};
		DAAED2622D8136C90038C342 /* SwiftMetalRendererUITests */ = {
			isa = PBXNativeTarget;
			buildConfigurationList = DAAED2732D8136C90038C342 /* Build configuration list for PBXNativeTarget "SwiftMetalRendererUITests" */;
			buildPhases = (
				DAAED25F2D8136C90038C342 /* Sources */,
				DAAED2602D8136C90038C342 /* Frameworks */,
				DAAED2612D8136C90038C342 /* Resources */,
			);
			buildRules = (
			);
			dependencies = (
				DAAED2652D8136C90038C342 /* PBXTargetDependency */,
			);
			fileSystemSynchronizedGroups = (
				DAAED2662D8136C90038C342 /* SwiftMetalRendererUITests */,
			);
			name = SwiftMetalRendererUITests;
			packageProductDependencies = (
			);
			productName = SwiftMetalRendererUITests;
			productReference = DAAED2632D8136C90038C342 /* SwiftMetalRendererUITests.xctest */;
			productType = "com.apple.product-type.bundle.ui-testing";
		};
/* End PBXNativeTarget section */

/* Begin PBXProject section */
		DAAED2402D8136C70038C342 /* Project object */ = {
			isa = PBXProject;
			attributes = {
				BuildIndependentTargetsInParallel = 1;
				LastSwiftUpdateCheck = 1620;
				LastUpgradeCheck = 1620;
				TargetAttributes = {
					DAAED2472D8136C70038C342 = {
						CreatedOnToolsVersion = 16.2;
					};
					DAAED2582D8136C90038C342 = {
						CreatedOnToolsVersion = 16.2;
						TestTargetID = DAAED2472D8136C70038C342;
					};
					DAAED2622D8136C90038C342 = {
						CreatedOnToolsVersion = 16.2;
						TestTargetID = DAAED2472D8136C70038C342;
					};
				};
			};
			buildConfigurationList = DAAED2432D8136C70038C342 /* Build configuration list for PBXProject "SwiftMetalRenderer" */;
			developmentRegion = en;
			hasScannedForEncodings = 0;
			knownRegions = (
				en,
				Base,
			);
			mainGroup = DAAED23F2D8136C70038C342;
			minimizedProjectReferenceProxies = 1;
			packageReferences = (
				DAD68EC02D873F5500D36881 /* XCRemoteSwiftPackageReference "Yams" */,
			);
			preferredProjectObjectVersion = 77;
			productRefGroup = DAAED2492D8136C70038C342 /* Products */;
			projectDirPath = "";
			projectReferences = (
				{
					ProductGroup = DAF6D4142DC6C33E00736862 /* Products */;
					ProjectRef = DA4B74062DC6BD89008C4F20 /* GLTFKit2.xcodeproj */;
				},
			);
			projectRoot = "";
			targets = (
				DAAED2472D8136C70038C342 /* SwiftMetalRenderer */,
				DAAED2582D8136C90038C342 /* SwiftMetalRendererTests */,
				DAAED2622D8136C90038C342 /* SwiftMetalRendererUITests */,
			);
		};
/* End PBXProject section */

/* Begin PBXReferenceProxy section */
		DAF6D4182DC6C33E00736862 /* GLTFKit2.framework */ = {
			isa = PBXReferenceProxy;
			fileType = wrapper.framework;
			path = GLTFKit2.framework;
			remoteRef = DAF6D4172DC6C33E00736862 /* PBXContainerItemProxy */;
			sourceTree = BUILT_PRODUCTS_DIR;
		};
/* End PBXReferenceProxy section */

/* Begin PBXResourcesBuildPhase section */
		DAAED2462D8136C70038C342 /* Resources */ = {
			isa = PBXResourcesBuildPhase;
			buildActionMask = 2147483647;
			files = (
			);
			runOnlyForDeploymentPostprocessing = 0;
		};
		DAAED2572D8136C90038C342 /* Resources */ = {
			isa = PBXResourcesBuildPhase;
			buildActionMask = 2147483647;
			files = (
			);
			runOnlyForDeploymentPostprocessing = 0;
		};
		DAAED2612D8136C90038C342 /* Resources */ = {
			isa = PBXResourcesBuildPhase;
			buildActionMask = 2147483647;
			files = (
			);
			runOnlyForDeploymentPostprocessing = 0;
		};
/* End PBXResourcesBuildPhase section */

/* Begin PBXSourcesBuildPhase section */
		DAAED2442D8136C70038C342 /* Sources */ = {
			isa = PBXSourcesBuildPhase;
			buildActionMask = 2147483647;
			files = (
			);
			runOnlyForDeploymentPostprocessing = 0;
		};
		DAAED2552D8136C90038C342 /* Sources */ = {
			isa = PBXSourcesBuildPhase;
			buildActionMask = 2147483647;
			files = (
			);
			runOnlyForDeploymentPostprocessing = 0;
		};
		DAAED25F2D8136C90038C342 /* Sources */ = {
			isa = PBXSourcesBuildPhase;
			buildActionMask = 2147483647;
			files = (
			);
			runOnlyForDeploymentPostprocessing = 0;
		};
/* End PBXSourcesBuildPhase section */

/* Begin PBXTargetDependency section */
		DAAED25B2D8136C90038C342 /* PBXTargetDependency */ = {
			isa = PBXTargetDependency;
			target = DAAED2472D8136C70038C342 /* SwiftMetalRenderer */;
			targetProxy = DAAED25A2D8136C90038C342 /* PBXContainerItemProxy */;
		};
		DAAED2652D8136C90038C342 /* PBXTargetDependency */ = {
			isa = PBXTargetDependency;
			target = DAAED2472D8136C70038C342 /* SwiftMetalRenderer */;
			targetProxy = DAAED2642D8136C90038C342 /* PBXContainerItemProxy */;
		};
/* End PBXTargetDependency section */

/* Begin XCBuildConfiguration section */
		DAAED26B2D8136C90038C342 /* Debug */ = {
			isa = XCBuildConfiguration;
			buildSettings = {
				ALWAYS_SEARCH_USER_PATHS = NO;
				ASSETCATALOG_COMPILER_GENERATE_SWIFT_ASSET_SYMBOL_EXTENSIONS = YES;
				CLANG_ANALYZER_NONNULL = YES;
				CLANG_ANALYZER_NUMBER_OBJECT_CONVERSION = YES_AGGRESSIVE;
				CLANG_CXX_LANGUAGE_STANDARD = "gnu++20";
				CLANG_ENABLE_MODULES = YES;
				CLANG_ENABLE_OBJC_ARC = YES;
				CLANG_ENABLE_OBJC_WEAK = YES;
				CLANG_WARN_BLOCK_CAPTURE_AUTORELEASING = YES;
				CLANG_WARN_BOOL_CONVERSION = YES;
				CLANG_WARN_COMMA = YES;
				CLANG_WARN_CONSTANT_CONVERSION = YES;
				CLANG_WARN_DEPRECATED_OBJC_IMPLEMENTATIONS = YES;
				CLANG_WARN_DIRECT_OBJC_ISA_USAGE = YES_ERROR;
				CLANG_WARN_DOCUMENTATION_COMMENTS = YES;
				CLANG_WARN_EMPTY_BODY = YES;
				CLANG_WARN_ENUM_CONVERSION = YES;
				CLANG_WARN_INFINITE_RECURSION = YES;
				CLANG_WARN_INT_CONVERSION = YES;
				CLANG_WARN_NON_LITERAL_NULL_CONVERSION = YES;
				CLANG_WARN_OBJC_IMPLICIT_RETAIN_SELF = YES;
				CLANG_WARN_OBJC_LITERAL_CONVERSION = YES;
				CLANG_WARN_OBJC_ROOT_CLASS = YES_ERROR;
				CLANG_WARN_QUOTED_INCLUDE_IN_FRAMEWORK_HEADER = YES;
				CLANG_WARN_RANGE_LOOP_ANALYSIS = YES;
				CLANG_WARN_STRICT_PROTOTYPES = YES;
				CLANG_WARN_SUSPICIOUS_MOVE = YES;
				CLANG_WARN_UNGUARDED_AVAILABILITY = YES_AGGRESSIVE;
				CLANG_WARN_UNREACHABLE_CODE = YES;
				CLANG_WARN__DUPLICATE_METHOD_MATCH = YES;
				COPY_PHASE_STRIP = NO;
				DEBUG_INFORMATION_FORMAT = dwarf;
				ENABLE_STRICT_OBJC_MSGSEND = YES;
				ENABLE_TESTABILITY = YES;
				ENABLE_USER_SCRIPT_SANDBOXING = YES;
				GCC_C_LANGUAGE_STANDARD = gnu17;
				GCC_DYNAMIC_NO_PIC = NO;
				GCC_NO_COMMON_BLOCKS = YES;
				GCC_OPTIMIZATION_LEVEL = 0;
				GCC_PREPROCESSOR_DEFINITIONS = (
					"DEBUG=1",
					"$(inherited)",
				);
				GCC_WARN_64_TO_32_BIT_CONVERSION = YES;
				GCC_WARN_ABOUT_RETURN_TYPE = YES_ERROR;
				GCC_WARN_UNDECLARED_SELECTOR = YES;
				GCC_WARN_UNINITIALIZED_AUTOS = YES_AGGRESSIVE;
				GCC_WARN_UNUSED_FUNCTION = YES;
				GCC_WARN_UNUSED_VARIABLE = YES;
				LOCALIZATION_PREFERS_STRING_CATALOGS = YES;
				MACOSX_DEPLOYMENT_TARGET = 15.2;
				MTL_ENABLE_DEBUG_INFO = INCLUDE_SOURCE;
				MTL_FAST_MATH = YES;
				ONLY_ACTIVE_ARCH = YES;
				SDKROOT = iphoneos;
				SWIFT_ACTIVE_COMPILATION_CONDITIONS = "DEBUG $(inherited)";
				SWIFT_OPTIMIZATION_LEVEL = "-Onone";
			};
			name = Debug;
		};
		DAAED26C2D8136C90038C342 /* Release */ = {
			isa = XCBuildConfiguration;
			buildSettings = {
				ALWAYS_SEARCH_USER_PATHS = NO;
				ASSETCATALOG_COMPILER_GENERATE_SWIFT_ASSET_SYMBOL_EXTENSIONS = YES;
				CLANG_ANALYZER_NONNULL = YES;
				CLANG_ANALYZER_NUMBER_OBJECT_CONVERSION = YES_AGGRESSIVE;
				CLANG_CXX_LANGUAGE_STANDARD = "gnu++20";
				CLANG_ENABLE_MODULES = YES;
				CLANG_ENABLE_OBJC_ARC = YES;
				CLANG_ENABLE_OBJC_WEAK = YES;
				CLANG_WARN_BLOCK_CAPTURE_AUTORELEASING = YES;
				CLANG_WARN_BOOL_CONVERSION = YES;
				CLANG_WARN_COMMA = YES;
				CLANG_WARN_CONSTANT_CONVERSION = YES;
				CLANG_WARN_DEPRECATED_OBJC_IMPLEMENTATIONS = YES;
				CLANG_WARN_DIRECT_OBJC_ISA_USAGE = YES_ERROR;
				CLANG_WARN_DOCUMENTATION_COMMENTS = YES;
				CLANG_WARN_EMPTY_BODY = YES;
				CLANG_WARN_ENUM_CONVERSION = YES;
				CLANG_WARN_INFINITE_RECURSION = YES;
				CLANG_WARN_INT_CONVERSION = YES;
				CLANG_WARN_NON_LITERAL_NULL_CONVERSION = YES;
				CLANG_WARN_OBJC_IMPLICIT_RETAIN_SELF = YES;
				CLANG_WARN_OBJC_LITERAL_CONVERSION = YES;
				CLANG_WARN_OBJC_ROOT_CLASS = YES_ERROR;
				CLANG_WARN_QUOTED_INCLUDE_IN_FRAMEWORK_HEADER = YES;
				CLANG_WARN_RANGE_LOOP_ANALYSIS = YES;
				CLANG_WARN_STRICT_PROTOTYPES = YES;
				CLANG_WARN_SUSPICIOUS_MOVE = YES;
				CLANG_WARN_UNGUARDED_AVAILABILITY = YES_AGGRESSIVE;
				CLANG_WARN_UNREACHABLE_CODE = YES;
				CLANG_WARN__DUPLICATE_METHOD_MATCH = YES;
				COPY_PHASE_STRIP = NO;
				DEBUG_INFORMATION_FORMAT = "dwarf-with-dsym";
				ENABLE_NS_ASSERTIONS = NO;
				ENABLE_STRICT_OBJC_MSGSEND = YES;
				ENABLE_USER_SCRIPT_SANDBOXING = YES;
				GCC_C_LANGUAGE_STANDARD = gnu17;
				GCC_NO_COMMON_BLOCKS = YES;
				GCC_WARN_64_TO_32_BIT_CONVERSION = YES;
				GCC_WARN_ABOUT_RETURN_TYPE = YES_ERROR;
				GCC_WARN_UNDECLARED_SELECTOR = YES;
				GCC_WARN_UNINITIALIZED_AUTOS = YES_AGGRESSIVE;
				GCC_WARN_UNUSED_FUNCTION = YES;
				GCC_WARN_UNUSED_VARIABLE = YES;
				LOCALIZATION_PREFERS_STRING_CATALOGS = YES;
				MACOSX_DEPLOYMENT_TARGET = 15.2;
				MTL_ENABLE_DEBUG_INFO = NO;
				MTL_FAST_MATH = YES;
				SDKROOT = iphoneos;
				SWIFT_COMPILATION_MODE = wholemodule;
			};
			name = Release;
		};
		DAAED26E2D8136C90038C342 /* Debug */ = {
			isa = XCBuildConfiguration;
			buildSettings = {
				ASSETCATALOG_COMPILER_APPICON_NAME = AppIcon;
				ASSETCATALOG_COMPILER_GLOBAL_ACCENT_COLOR_NAME = AccentColor;
				CODE_SIGN_ENTITLEMENTS = SwiftMetalRenderer/SwiftMetalRenderer.entitlements;
				CODE_SIGN_STYLE = Automatic;
				COMBINE_HIDPI_IMAGES = YES;
				CURRENT_PROJECT_VERSION = 1;
				DEVELOPMENT_ASSET_PATHS = "\"SwiftMetalRenderer/Preview Content\"";
				DEVELOPMENT_TEAM = 5YGJNX4M82;
				ENABLE_HARDENED_RUNTIME = YES;
				ENABLE_PREVIEWS = YES;
				GENERATE_INFOPLIST_FILE = YES;
				INFOPLIST_KEY_NSHumanReadableCopyright = "";
				LD_RUNPATH_SEARCH_PATHS = (
					"$(inherited)",
					"@executable_path/Frameworks",
					"@executable_path/../Frameworks",
				);
				MARKETING_VERSION = 1.0;
				PRODUCT_BUNDLE_IDENTIFIER = JerryGFXWorkshop.SwiftMetalRenderer;
				PRODUCT_NAME = "$(TARGET_NAME)";
				SUPPORTED_PLATFORMS = "iphoneos iphonesimulator macosx";
				SUPPORTS_MACCATALYST = NO;
				SWIFT_EMIT_LOC_STRINGS = YES;
				SWIFT_VERSION = 5.0;
				TARGETED_DEVICE_FAMILY = 1;
			};
			name = Debug;
		};
		DAAED26F2D8136C90038C342 /* Release */ = {
			isa = XCBuildConfiguration;
			buildSettings = {
				ASSETCATALOG_COMPILER_APPICON_NAME = AppIcon;
				ASSETCATALOG_COMPILER_GLOBAL_ACCENT_COLOR_NAME = AccentColor;
				CODE_SIGN_ENTITLEMENTS = SwiftMetalRenderer/SwiftMetalRenderer.entitlements;
				CODE_SIGN_STYLE = Automatic;
				COMBINE_HIDPI_IMAGES = YES;
				CURRENT_PROJECT_VERSION = 1;
				DEVELOPMENT_ASSET_PATHS = "\"SwiftMetalRenderer/Preview Content\"";
				DEVELOPMENT_TEAM = 5YGJNX4M82;
				ENABLE_HARDENED_RUNTIME = YES;
				ENABLE_PREVIEWS = YES;
				GENERATE_INFOPLIST_FILE = YES;
				INFOPLIST_KEY_NSHumanReadableCopyright = "";
				LD_RUNPATH_SEARCH_PATHS = (
					"$(inherited)",
					"@executable_path/Frameworks",
					"@executable_path/../Frameworks",
				);
				MARKETING_VERSION = 1.0;
				PRODUCT_BUNDLE_IDENTIFIER = JerryGFXWorkshop.SwiftMetalRenderer;
				PRODUCT_NAME = "$(TARGET_NAME)";
				SUPPORTED_PLATFORMS = "iphoneos iphonesimulator macosx";
				SUPPORTS_MACCATALYST = NO;
				SWIFT_EMIT_LOC_STRINGS = YES;
				SWIFT_VERSION = 5.0;
				TARGETED_DEVICE_FAMILY = 1;
			};
			name = Release;
		};
		DAAED2712D8136C90038C342 /* Debug */ = {
			isa = XCBuildConfiguration;
			buildSettings = {
				BUNDLE_LOADER = "$(TEST_HOST)";
				CODE_SIGN_STYLE = Automatic;
				CURRENT_PROJECT_VERSION = 1;
				DEVELOPMENT_TEAM = 5YGJNX4M82;
				GENERATE_INFOPLIST_FILE = YES;
				MACOSX_DEPLOYMENT_TARGET = 15.2;
				MARKETING_VERSION = 1.0;
				PRODUCT_BUNDLE_IDENTIFIER = JerryGFXWorkshop.SwiftMetalRendererTests;
				PRODUCT_NAME = "$(TARGET_NAME)";
				SWIFT_EMIT_LOC_STRINGS = NO;
				SWIFT_VERSION = 5.0;
				TEST_HOST = "$(BUILT_PRODUCTS_DIR)/SwiftMetalRenderer.app/$(BUNDLE_EXECUTABLE_FOLDER_PATH)/SwiftMetalRenderer";
			};
			name = Debug;
		};
		DAAED2722D8136C90038C342 /* Release */ = {
			isa = XCBuildConfiguration;
			buildSettings = {
				BUNDLE_LOADER = "$(TEST_HOST)";
				CODE_SIGN_STYLE = Automatic;
				CURRENT_PROJECT_VERSION = 1;
				DEVELOPMENT_TEAM = 5YGJNX4M82;
				GENERATE_INFOPLIST_FILE = YES;
				MACOSX_DEPLOYMENT_TARGET = 15.2;
				MARKETING_VERSION = 1.0;
				PRODUCT_BUNDLE_IDENTIFIER = JerryGFXWorkshop.SwiftMetalRendererTests;
				PRODUCT_NAME = "$(TARGET_NAME)";
				SWIFT_EMIT_LOC_STRINGS = NO;
				SWIFT_VERSION = 5.0;
				TEST_HOST = "$(BUILT_PRODUCTS_DIR)/SwiftMetalRenderer.app/$(BUNDLE_EXECUTABLE_FOLDER_PATH)/SwiftMetalRenderer";
			};
			name = Release;
		};
		DAAED2742D8136C90038C342 /* Debug */ = {
			isa = XCBuildConfiguration;
			buildSettings = {
				CODE_SIGN_STYLE = Automatic;
				CURRENT_PROJECT_VERSION = 1;
				DEVELOPMENT_TEAM = 5YGJNX4M82;
				GENERATE_INFOPLIST_FILE = YES;
				MARKETING_VERSION = 1.0;
				PRODUCT_BUNDLE_IDENTIFIER = JerryGFXWorkshop.SwiftMetalRendererUITests;
				PRODUCT_NAME = "$(TARGET_NAME)";
				SWIFT_EMIT_LOC_STRINGS = NO;
				SWIFT_VERSION = 5.0;
				TEST_TARGET_NAME = SwiftMetalRenderer;
			};
			name = Debug;
		};
		DAAED2752D8136C90038C342 /* Release */ = {
			isa = XCBuildConfiguration;
			buildSettings = {
				CODE_SIGN_STYLE = Automatic;
				CURRENT_PROJECT_VERSION = 1;
				DEVELOPMENT_TEAM = 5YGJNX4M82;
				GENERATE_INFOPLIST_FILE = YES;
				MARKETING_VERSION = 1.0;
				PRODUCT_BUNDLE_IDENTIFIER = JerryGFXWorkshop.SwiftMetalRendererUITests;
				PRODUCT_NAME = "$(TARGET_NAME)";
				SWIFT_EMIT_LOC_STRINGS = NO;
				SWIFT_VERSION = 5.0;
				TEST_TARGET_NAME = SwiftMetalRenderer;
			};
			name = Release;
		};
/* End XCBuildConfiguration section */

/* Begin XCConfigurationList section */
		DAAED2432D8136C70038C342 /* Build configuration list for PBXProject "SwiftMetalRenderer" */ = {
			isa = XCConfigurationList;
			buildConfigurations = (
				DAAED26B2D8136C90038C342 /* Debug */,
				DAAED26C2D8136C90038C342 /* Release */,
			);
			defaultConfigurationIsVisible = 0;
			defaultConfigurationName = Release;
		};
		DAAED26D2D8136C90038C342 /* Build configuration list for PBXNativeTarget "SwiftMetalRenderer" */ = {
			isa = XCConfigurationList;
			buildConfigurations = (
				DAAED26E2D8136C90038C342 /* Debug */,
				DAAED26F2D8136C90038C342 /* Release */,
			);
			defaultConfigurationIsVisible = 0;
			defaultConfigurationName = Release;
		};
		DAAED2702D8136C90038C342 /* Build configuration list for PBXNativeTarget "SwiftMetalRendererTests" */ = {
			isa = XCConfigurationList;
			buildConfigurations = (
				DAAED2712D8136C90038C342 /* Debug */,
				DAAED2722D8136C90038C342 /* Release */,
			);
			defaultConfigurationIsVisible = 0;
			defaultConfigurationName = Release;
		};
		DAAED2732D8136C90038C342 /* Build configuration list for PBXNativeTarget "SwiftMetalRendererUITests" */ = {
			isa = XCConfigurationList;
			buildConfigurations = (
				DAAED2742D8136C90038C342 /* Debug */,
				DAAED2752D8136C90038C342 /* Release */,
			);
			defaultConfigurationIsVisible = 0;
			defaultConfigurationName = Release;
		};
/* End XCConfigurationList section */

/* Begin XCRemoteSwiftPackageReference section */
		DAD68EC02D873F5500D36881 /* XCRemoteSwiftPackageReference "Yams" */ = {
			isa = XCRemoteSwiftPackageReference;
			repositoryURL = "https://github.com/jpsim/Yams.git";
			requirement = {
				kind = upToNextMajorVersion;
				minimumVersion = 5.3.1;
			};
		};
/* End XCRemoteSwiftPackageReference section */

/* Begin XCSwiftPackageProductDependency section */
		DAD68EC52D877E8A00D36881 /* Yams */ = {
			isa = XCSwiftPackageProductDependency;
			package = DAD68EC02D873F5500D36881 /* XCRemoteSwiftPackageReference "Yams" */;
			productName = Yams;
		};
/* End XCSwiftPackageProductDependency section */
	};
	rootObject = DAAED2402D8136C70038C342 /* Project object */;
}
